
Microsoft Visual Studio Solution File, Format Version 12.00
# Visual Studio 15
VisualStudioVersion = 15.0.28307.757
MinimumVisualStudioVersion = 10.0.40219.1
Project("{FAE04EC0-301F-11D3-BF4B-00C04F79EFBC}") = "MyBlog.WebUI", "MyBlog.WebUI\MyBlog.WebUI.csproj", "{AD8C1F39-7B93-4C77-98C3-9086B431A3D5}"
EndProject
Global
	GlobalSection(SolutionConfigurationPlatforms) = preSolution
		Debug|Any CPU = Debug|Any CPU
		Release|Any CPU = Release|Any CPU
	EndGlobalSection
	GlobalSection(ProjectConfigurationPlatforms) = postSolution
		{AD8C1F39-7B93-4C77-98C3-9086B431A3D5}.Debug|Any CPU.ActiveCfg = Debug|Any CPU
		{AD8C1F39-7B93-4C77-98C3-9086B431A3D5}.Debug|Any CPU.Build.0 = Debug|Any CPU
		{AD8C1F39-7B93-4C77-98C3-9086B431A3D5}.Release|Any CPU.ActiveCfg = Release|Any CPU
		{AD8C1F39-7B93-4C77-98C3-9086B431A3D5}.Release|Any CPU.Build.0 = Release|Any CPU
	EndGlobalSection
	GlobalSection(SolutionProperties) = preSolution
		HideSolutionNode = FALSE
	EndGlobalSection
	GlobalSection(ExtensibilityGlobals) = postSolution
		SolutionGuid = {EB841F4D-0032-4B6F-BD8F-BC19E8B0955C}
	EndGlobalSection
EndGlobal
